<?xml version="1.0" encoding="utf-8"?>
<Project ToolsVersion="4.0" xmlns="http://schemas.microsoft.com/developer/msbuild/2003">
  <ItemGroup>
    <Filter Include="includes">
      <UniqueIdentifier>{1CA10C65-086E-6770-3187-55181DB39CFE}</UniqueIdentifier>
    </Filter>
    <Filter Include="includes\PowerPCOperandDecoder">
      <UniqueIdentifier>{4A76352B-369C-FF91-1FE2-845D0BA7245E}</UniqueIdentifier>
    </Filter>
    <Filter Include="src">
      <UniqueIdentifier>{2DAB880B-99B4-887C-2230-9F7C8E38947C}</UniqueIdentifier>
    </Filter>
  </ItemGroup>
  <ItemGroup>
    <ClInclude Include="includes\PowerPCOperandDecoder\ASMOpcode.hpp">
      <Filter>includes\PowerPCOperandDecoder</Filter>
    </ClInclude>
    <ClInclude Include="includes\PowerPCOperandDecoder\AssemblyInstructions.hpp">
      <Filter>includes\PowerPCOperandDecoder</Filter>
    </ClInclude>
    <ClInclude Include="includes\PowerPCOperandDecoder\Registers.hpp">
      <Filter>includes\PowerPCOperandDecoder</Filter>
    </ClInclude>
  </ItemGroup>
  <ItemGroup>
    <ClCompile Include="src\Source.cpp">
      <Filter>src</Filter>
    </ClCompile>
  </ItemGroup>
</Project>