<?xml version="1.0" encoding="utf-8"?>
<Project ToolsVersion="4.0" xmlns="http://schemas.microsoft.com/developer/msbuild/2003">
  <ItemGroup>
    <Filter Include="includes">
      <UniqueIdentifier>{1CA10C65-086E-6770-3187-55181DB39CFE}</UniqueIdentifier>
    </Filter>
    <Filter Include="includes\PowerPCParser">
      <UniqueIdentifier>{98235C2B-841D-857D-6D8A-1B8E5923EBE9}</UniqueIdentifier>
    </Filter>
    <Filter Include="includes\PowerPCParser\CppCodeGen">
      <UniqueIdentifier>{7F3EDC3D-EBAC-31BD-3496-ECBCA0432759}</UniqueIdentifier>
    </Filter>
    <Filter Include="includes\PowerPCParser\FineGrainAST">
      <UniqueIdentifier>{82C625C8-EE7F-9072-77DF-AA4CE39746E2}</UniqueIdentifier>
    </Filter>
    <Filter Include="includes\PowerPCParser\General">
      <UniqueIdentifier>{850DC8A1-7133-9208-5A79-17D4463EB7D4}</UniqueIdentifier>
    </Filter>
    <Filter Include="includes\PowerPCParser\GeneralAST">
      <UniqueIdentifier>{EDFA32B4-5969-8833-A252-43330E007ECF}</UniqueIdentifier>
    </Filter>
    <Filter Include="includes\PowerPCParser\Lexing">
      <UniqueIdentifier>{6EA5AD6D-DABD-9497-A36A-24310F422931}</UniqueIdentifier>
    </Filter>
    <Filter Include="src">
      <UniqueIdentifier>{2DAB880B-99B4-887C-2230-9F7C8E38947C}</UniqueIdentifier>
    </Filter>
  </ItemGroup>
  <ItemGroup>
    <ClInclude Include="includes\PowerPCParser\CppCodeGen\CppCodeGen.hpp">
      <Filter>includes\PowerPCParser\CppCodeGen</Filter>
    </ClInclude>
    <ClInclude Include="includes\PowerPCParser\FineGrainAST\FineGrainAST.hpp">
      <Filter>includes\PowerPCParser\FineGrainAST</Filter>
    </ClInclude>
    <ClInclude Include="includes\PowerPCParser\General\Keywords.hpp">
      <Filter>includes\PowerPCParser\General</Filter>
    </ClInclude>
    <ClInclude Include="includes\PowerPCParser\GeneralAST\GeneralAST.hpp">
      <Filter>includes\PowerPCParser\GeneralAST</Filter>
    </ClInclude>
    <ClInclude Include="includes\PowerPCParser\Lexing\Lexer.hpp">
      <Filter>includes\PowerPCParser\Lexing</Filter>
    </ClInclude>
    <ClInclude Include="includes\PowerPCParser\Lexing\StructGeneration.hpp">
      <Filter>includes\PowerPCParser\Lexing</Filter>
    </ClInclude>
    <ClInclude Include="includes\PowerPCParser\Lexing\Tokens.hpp">
      <Filter>includes\PowerPCParser\Lexing</Filter>
    </ClInclude>
  </ItemGroup>
  <ItemGroup>
    <ClCompile Include="src\CppCodeGen.cpp">
      <Filter>src</Filter>
    </ClCompile>
    <ClCompile Include="src\FineGrainAST.cpp">
      <Filter>src</Filter>
    </ClCompile>
    <ClCompile Include="src\GeneralAST.cpp">
      <Filter>src</Filter>
    </ClCompile>
    <ClCompile Include="src\Lexer.cpp">
      <Filter>src</Filter>
    </ClCompile>
  </ItemGroup>
</Project>