<?xml version="1.0" encoding="utf-8"?>
<Project ToolsVersion="4.0" xmlns="http://schemas.microsoft.com/developer/msbuild/2003">
  <ItemGroup>
    <Filter Include="includes">
      <UniqueIdentifier>{1CA10C65-086E-6770-3187-55181DB39CFE}</UniqueIdentifier>
    </Filter>
    <Filter Include="includes\PPCStaticRecompilerLayer">
      <UniqueIdentifier>{252392E2-9191-E761-DA7A-A2614628DDFD}</UniqueIdentifier>
    </Filter>
    <Filter Include="includes\PPCStaticRecompilerLayer\PPC">
      <UniqueIdentifier>{5752A457-C316-A347-8C7C-D311F8FF3E7D}</UniqueIdentifier>
    </Filter>
    <Filter Include="includes\PPCStaticRecompilerLayer\PPC\StaticRecompile">
      <UniqueIdentifier>{4E1AF9B2-BA36-EBA3-830E-5811EFE95465}</UniqueIdentifier>
    </Filter>
    <Filter Include="src">
      <UniqueIdentifier>{2DAB880B-99B4-887C-2230-9F7C8E38947C}</UniqueIdentifier>
    </Filter>
  </ItemGroup>
  <ItemGroup>
    <ClInclude Include="includes\PPCStaticRecompilerLayer\GameCubeRegisters.h">
      <Filter>includes\PPCStaticRecompilerLayer</Filter>
    </ClInclude>
    <ClInclude Include="includes\PPCStaticRecompilerLayer\PPC\StaticRecompile\Macros.h">
      <Filter>includes\PPCStaticRecompilerLayer\PPC\StaticRecompile</Filter>
    </ClInclude>
    <ClInclude Include="includes\PPCStaticRecompilerLayer\PPC\StaticRecompile\PPC_ARITHMETIC.h">
      <Filter>includes\PPCStaticRecompilerLayer\PPC\StaticRecompile</Filter>
    </ClInclude>
    <ClInclude Include="includes\PPCStaticRecompilerLayer\PPC\StaticRecompile\PPC_BRANCH.h">
      <Filter>includes\PPCStaticRecompilerLayer\PPC\StaticRecompile</Filter>
    </ClInclude>
    <ClInclude Include="includes\PPCStaticRecompilerLayer\PPC\StaticRecompile\PPC_COMPARASON.h">
      <Filter>includes\PPCStaticRecompilerLayer\PPC\StaticRecompile</Filter>
    </ClInclude>
    <ClInclude Include="includes\PPCStaticRecompilerLayer\PPC\StaticRecompile\PPC_CONDITION.h">
      <Filter>includes\PPCStaticRecompilerLayer\PPC\StaticRecompile</Filter>
    </ClInclude>
    <ClInclude Include="includes\PPCStaticRecompilerLayer\PPC\StaticRecompile\PPC_FLOATING.h">
      <Filter>includes\PPCStaticRecompilerLayer\PPC\StaticRecompile</Filter>
    </ClInclude>
    <ClInclude Include="includes\PPCStaticRecompilerLayer\PPC\StaticRecompile\PPC_LOAD_STORE.h">
      <Filter>includes\PPCStaticRecompilerLayer\PPC\StaticRecompile</Filter>
    </ClInclude>
    <ClInclude Include="includes\PPCStaticRecompilerLayer\PPC\StaticRecompile\PPC_LOGICAL.h">
      <Filter>includes\PPCStaticRecompilerLayer\PPC\StaticRecompile</Filter>
    </ClInclude>
    <ClInclude Include="includes\PPCStaticRecompilerLayer\PPC\StaticRecompile\PPC_MISC.h">
      <Filter>includes\PPCStaticRecompilerLayer\PPC\StaticRecompile</Filter>
    </ClInclude>
    <ClInclude Include="includes\PPCStaticRecompilerLayer\PPC\StaticRecompile\PPC_SHIFT_ROTATE.h">
      <Filter>includes\PPCStaticRecompilerLayer\PPC\StaticRecompile</Filter>
    </ClInclude>
    <ClInclude Include="includes\PPCStaticRecompilerLayer\PPC\StaticRecompile\PPC_SPECIAL.h">
      <Filter>includes\PPCStaticRecompilerLayer\PPC\StaticRecompile</Filter>
    </ClInclude>
    <ClInclude Include="includes\PPCStaticRecompilerLayer\PPC\StaticRecompile\PPC_SYNC.h">
      <Filter>includes\PPCStaticRecompilerLayer\PPC\StaticRecompile</Filter>
    </ClInclude>
    <ClInclude Include="includes\PPCStaticRecompilerLayer\PPC\StaticRecompile\PPC_SYSTEM_CALLS.h">
      <Filter>includes\PPCStaticRecompilerLayer\PPC\StaticRecompile</Filter>
    </ClInclude>
  </ItemGroup>
  <ItemGroup>
    <ClCompile Include="src\PPC_ARITHMETIC.cpp">
      <Filter>src</Filter>
    </ClCompile>
    <ClCompile Include="src\PPC_BRANCH.cpp">
      <Filter>src</Filter>
    </ClCompile>
    <ClCompile Include="src\PPC_COMPARASON.cpp">
      <Filter>src</Filter>
    </ClCompile>
    <ClCompile Include="src\PPC_CONDITION.cpp">
      <Filter>src</Filter>
    </ClCompile>
    <ClCompile Include="src\PPC_FLOATING.cpp">
      <Filter>src</Filter>
    </ClCompile>
    <ClCompile Include="src\PPC_LOAD_STORE.cpp">
      <Filter>src</Filter>
    </ClCompile>
    <ClCompile Include="src\PPC_LOGICAL.cpp">
      <Filter>src</Filter>
    </ClCompile>
    <ClCompile Include="src\PPC_MISC.cpp">
      <Filter>src</Filter>
    </ClCompile>
    <ClCompile Include="src\PPC_SHIFT_ROTATE.cpp">
      <Filter>src</Filter>
    </ClCompile>
    <ClCompile Include="src\PPC_SPECIAL.cpp">
      <Filter>src</Filter>
    </ClCompile>
    <ClCompile Include="src\PPC_SYNC.cpp">
      <Filter>src</Filter>
    </ClCompile>
    <ClCompile Include="src\PPC_SYSTEM_CALLS.cpp">
      <Filter>src</Filter>
    </ClCompile>
  </ItemGroup>
</Project>